// !$*UTF8*$!
{
	archiveVersion = 1;
	classes = {
	};
	objectVersion = 50;
	objects = {

/* Begin PBXBuildFile section */
		960E4CE922B775E6007CC8F7 /* tuner_api.h in Headers */ = {isa = PBXBuildFile; fileRef = 960E4CE522B775E5007CC8F7 /* tuner_api.h */; };
		960E4CEA22B775E6007CC8F7 /* tuner_core.h in Headers */ = {isa = PBXBuildFile; fileRef = 960E4CE622B775E6007CC8F7 /* tuner_core.h */; };
		960E4CEB22B775E6007CC8F7 /* tuner_api.cpp in Sources */ = {isa = PBXBuildFile; fileRef = 960E4CE722B775E6007CC8F7 /* tuner_api.cpp */; };
		960E4CEC22B775E6007CC8F7 /* tuner_core.cpp in Sources */ = {isa = PBXBuildFile; fileRef = 960E4CE822B775E6007CC8F7 /* tuner_core.cpp */; };
		96574FDE228D58A9008CC2A7 /* OpenCL.framework in Frameworks */ = {isa = PBXBuildFile; fileRef = 96574FDD228D58A9008CC2A7 /* OpenCL.framework */; };
		96574FF5228D726E008CC2A7 /* shaderrc_fly.cpp in Sources */ = {isa = PBXBuildFile; fileRef = 96574FF3228D726E008CC2A7 /* shaderrc_fly.cpp */; };
		96574FF6228D726E008CC2A7 /* shaderrc_fly.hpp in Headers */ = {isa = PBXBuildFile; fileRef = 96574FF4228D726E008CC2A7 /* shaderrc_fly.hpp */; };
		96B2D9EA22B37C8D00D1C8E9 /* opencl_common.h in Headers */ = {isa = PBXBuildFile; fileRef = 96B2D9E922B37C8D00D1C8E9 /* opencl_common.h */; };
		96D0F04B228D2C6E00C98544 /* kernel_result.cpp in Sources */ = {isa = PBXBuildFile; fileRef = 96D0EFA8228D2C6E00C98544 /* kernel_result.cpp */; };
		96D0F04C228D2C6E00C98544 /* kernel_runtime_data.cpp in Sources */ = {isa = PBXBuildFile; fileRef = 96D0EFA9228D2C6E00C98544 /* kernel_runtime_data.cpp */; };
		96D0F04D228D2C6E00C98544 /* local_memory_modifier.cpp in Sources */ = {isa = PBXBuildFile; fileRef = 96D0EFAA228D2C6E00C98544 /* local_memory_modifier.cpp */; };
		96D0F04E228D2C6E00C98544 /* kernel_runtime_data.h in Headers */ = {isa = PBXBuildFile; fileRef = 96D0EFAB228D2C6E00C98544 /* kernel_runtime_data.h */; };
		96D0F04F228D2C6E00C98544 /* kernel_result.h in Headers */ = {isa = PBXBuildFile; fileRef = 96D0EFAC228D2C6E00C98544 /* kernel_result.h */; };
		96D0F050228D2C6E00C98544 /* local_memory_modifier.h in Headers */ = {isa = PBXBuildFile; fileRef = 96D0EFAD228D2C6E00C98544 /* local_memory_modifier.h */; };
		96D0F051228D2C6E00C98544 /* fly_types.h in Headers */ = {isa = PBXBuildFile; fileRef = 96D0EFAE228D2C6E00C98544 /* fly_types.h */; };
		96D0F057228D2C6E00C98544 /* kernel_runner.h in Headers */ = {isa = PBXBuildFile; fileRef = 96D0EFB6228D2C6E00C98544 /* kernel_runner.h */; };
		96D0F060228D2C6E00C98544 /* kernel_runner.cpp in Sources */ = {isa = PBXBuildFile; fileRef = 96D0EFBF228D2C6E00C98544 /* kernel_runner.cpp */; };
		96D0F065228D2C6E00C98544 /* modifier_dimension.h in Headers */ = {isa = PBXBuildFile; fileRef = 96D0EFC5228D2C6E00C98544 /* modifier_dimension.h */; };
		96D0F066228D2C6E00C98544 /* argument_upload_type.h in Headers */ = {isa = PBXBuildFile; fileRef = 96D0EFC6228D2C6E00C98544 /* argument_upload_type.h */; };
		96D0F068228D2C6E00C98544 /* compute_api.h in Headers */ = {isa = PBXBuildFile; fileRef = 96D0EFC8228D2C6E00C98544 /* compute_api.h */; };
		96D0F06A228D2C6E00C98544 /* device_type.h in Headers */ = {isa = PBXBuildFile; fileRef = 96D0EFCA228D2C6E00C98544 /* device_type.h */; };
		96D0F06B228D2C6E00C98544 /* dimension_vector_type.h in Headers */ = {isa = PBXBuildFile; fileRef = 96D0EFCB228D2C6E00C98544 /* dimension_vector_type.h */; };
		96D0F06D228D2C6E00C98544 /* modifier_action.h in Headers */ = {isa = PBXBuildFile; fileRef = 96D0EFCD228D2C6E00C98544 /* modifier_action.h */; };
		96D0F06E228D2C6E00C98544 /* global_size_type.h in Headers */ = {isa = PBXBuildFile; fileRef = 96D0EFCE228D2C6E00C98544 /* global_size_type.h */; };
		96D0F06F228D2C6E00C98544 /* argument_memory_location.h in Headers */ = {isa = PBXBuildFile; fileRef = 96D0EFCF228D2C6E00C98544 /* argument_memory_location.h */; };
		96D0F070228D2C6E00C98544 /* argument_data_type.h in Headers */ = {isa = PBXBuildFile; fileRef = 96D0EFD0228D2C6E00C98544 /* argument_data_type.h */; };
		96D0F071228D2C6E00C98544 /* validation_mode.h in Headers */ = {isa = PBXBuildFile; fileRef = 96D0EFD1228D2C6E00C98544 /* validation_mode.h */; };
		96D0F072228D2C6E00C98544 /* argument_access_type.h in Headers */ = {isa = PBXBuildFile; fileRef = 96D0EFD2228D2C6E00C98544 /* argument_access_type.h */; };
		96D0F073228D2C6E00C98544 /* kernel_run_mode.h in Headers */ = {isa = PBXBuildFile; fileRef = 96D0EFD3228D2C6E00C98544 /* kernel_run_mode.h */; };
		96D0F074228D2C6E00C98544 /* logging_level.h in Headers */ = {isa = PBXBuildFile; fileRef = 96D0EFD4228D2C6E00C98544 /* logging_level.h */; };
		96D0F075228D2C6E00C98544 /* enum_bitfield.h in Headers */ = {isa = PBXBuildFile; fileRef = 96D0EFD5228D2C6E00C98544 /* enum_bitfield.h */; };
		96D0F076228D2C6E00C98544 /* time_unit.h in Headers */ = {isa = PBXBuildFile; fileRef = 96D0EFD6228D2C6E00C98544 /* time_unit.h */; };
		96D0F077228D2C6E00C98544 /* modifier_type.h in Headers */ = {isa = PBXBuildFile; fileRef = 96D0EFD7228D2C6E00C98544 /* modifier_type.h */; };
		96D0F078228D2C6E00C98544 /* profiling_counter_type.h in Headers */ = {isa = PBXBuildFile; fileRef = 96D0EFD8228D2C6E00C98544 /* profiling_counter_type.h */; };
		96D0F079228D2C6E00C98544 /* argument_manager.h in Headers */ = {isa = PBXBuildFile; fileRef = 96D0EFDA228D2C6E00C98544 /* argument_manager.h */; };
		96D0F07A228D2C6E00C98544 /* argument_manager.cpp in Sources */ = {isa = PBXBuildFile; fileRef = 96D0EFDB228D2C6E00C98544 /* argument_manager.cpp */; };
		96D0F07B228D2C6E00C98544 /* kernel_argument.h in Headers */ = {isa = PBXBuildFile; fileRef = 96D0EFDC228D2C6E00C98544 /* kernel_argument.h */; };
		96D0F07C228D2C6E00C98544 /* kernel_argument.cpp in Sources */ = {isa = PBXBuildFile; fileRef = 96D0EFDD228D2C6E00C98544 /* kernel_argument.cpp */; };
		96D0F07F228D2C6E00C98544 /* half.h in Headers */ = {isa = PBXBuildFile; fileRef = 96D0EFE0228D2C6E00C98544 /* half.h */; };
		96D0F080228D2C6E00C98544 /* computation_result.cpp in Sources */ = {isa = PBXBuildFile; fileRef = 96D0EFE2228D2C6E00C98544 /* computation_result.cpp */; };
		96D0F081228D2C6E00C98544 /* output_descriptor.h in Headers */ = {isa = PBXBuildFile; fileRef = 96D0EFE3228D2C6E00C98544 /* output_descriptor.h */; };
		96D0F082228D2C6E00C98544 /* parameter_pair.h in Headers */ = {isa = PBXBuildFile; fileRef = 96D0EFE4228D2C6E00C98544 /* parameter_pair.h */; };
		96D0F089228D2C6E00C98544 /* computation_result.h in Headers */ = {isa = PBXBuildFile; fileRef = 96D0EFEC228D2C6E00C98544 /* computation_result.h */; };
		96D0F08A228D2C6E00C98544 /* platform_info.h in Headers */ = {isa = PBXBuildFile; fileRef = 96D0EFED228D2C6E00C98544 /* platform_info.h */; };
		96D0F08D228D2C6E00C98544 /* device_info.cpp in Sources */ = {isa = PBXBuildFile; fileRef = 96D0EFF0228D2C6E00C98544 /* device_info.cpp */; };
		96D0F08E228D2C6E00C98544 /* dimension_vector.cpp in Sources */ = {isa = PBXBuildFile; fileRef = 96D0EFF1228D2C6E00C98544 /* dimension_vector.cpp */; };
		96D0F090228D2C6E00C98544 /* dimension_vector.h in Headers */ = {isa = PBXBuildFile; fileRef = 96D0EFF3228D2C6E00C98544 /* dimension_vector.h */; };
		96D0F091228D2C6E00C98544 /* output_descriptor.cpp in Sources */ = {isa = PBXBuildFile; fileRef = 96D0EFF4228D2C6E00C98544 /* output_descriptor.cpp */; };
		96D0F095228D2C6E00C98544 /* parameter_pair.cpp in Sources */ = {isa = PBXBuildFile; fileRef = 96D0EFF8228D2C6E00C98544 /* parameter_pair.cpp */; };
		96D0F096228D2C6E00C98544 /* platform_info.cpp in Sources */ = {isa = PBXBuildFile; fileRef = 96D0EFF9228D2C6E00C98544 /* platform_info.cpp */; };
		96D0F097228D2C6E00C98544 /* device_info.h in Headers */ = {isa = PBXBuildFile; fileRef = 96D0EFFA228D2C6E00C98544 /* device_info.h */; };
		96D0F098228D2C6E00C98544 /* kernel_constraint.cpp in Sources */ = {isa = PBXBuildFile; fileRef = 96D0EFFC228D2C6E00C98544 /* kernel_constraint.cpp */; };
		96D0F099228D2C6E00C98544 /* kernel_configuration.cpp in Sources */ = {isa = PBXBuildFile; fileRef = 96D0EFFD228D2C6E00C98544 /* kernel_configuration.cpp */; };
		96D0F09A228D2C6E00C98544 /* kernel.cpp in Sources */ = {isa = PBXBuildFile; fileRef = 96D0EFFE228D2C6E00C98544 /* kernel.cpp */; };
		96D0F09B228D2C6E00C98544 /* kernel_parameter_pack.cpp in Sources */ = {isa = PBXBuildFile; fileRef = 96D0EFFF228D2C6E00C98544 /* kernel_parameter_pack.cpp */; };
		96D0F09C228D2C6E00C98544 /* kernel_parameter.cpp in Sources */ = {isa = PBXBuildFile; fileRef = 96D0F000228D2C6E00C98544 /* kernel_parameter.cpp */; };
		96D0F09E228D2C6E00C98544 /* kernel_manager.h in Headers */ = {isa = PBXBuildFile; fileRef = 96D0F002228D2C6E00C98544 /* kernel_manager.h */; };
		96D0F09F228D2C6E00C98544 /* kernel_parameter_pack.h in Headers */ = {isa = PBXBuildFile; fileRef = 96D0F003228D2C6E00C98544 /* kernel_parameter_pack.h */; };
		96D0F0A0228D2C6E00C98544 /* kernel.h in Headers */ = {isa = PBXBuildFile; fileRef = 96D0F004228D2C6E00C98544 /* kernel.h */; };
		96D0F0A1228D2C6E00C98544 /* kernel_manager.cpp in Sources */ = {isa = PBXBuildFile; fileRef = 96D0F005228D2C6E00C98544 /* kernel_manager.cpp */; };
		96D0F0A2228D2C6E00C98544 /* kernel_configuration.h in Headers */ = {isa = PBXBuildFile; fileRef = 96D0F006228D2C6E00C98544 /* kernel_configuration.h */; };
		96D0F0A4228D2C6E00C98544 /* kernel_constraint.h in Headers */ = {isa = PBXBuildFile; fileRef = 96D0F008228D2C6E00C98544 /* kernel_constraint.h */; };
		96D0F0A5228D2C6E00C98544 /* kernel_parameter.h in Headers */ = {isa = PBXBuildFile; fileRef = 96D0F009228D2C6E00C98544 /* kernel_parameter.h */; };
		96D0F0A6228D2C6E00C98544 /* fly_platform.h in Headers */ = {isa = PBXBuildFile; fileRef = 96D0F00A228D2C6E00C98544 /* fly_platform.h */; };
		96D0F0A9228D2C6E00C98544 /* fly_utility.h in Headers */ = {isa = PBXBuildFile; fileRef = 96D0F00E228D2C6E00C98544 /* fly_utility.h */; };
		96D0F0AA228D2C6E00C98544 /* timer.cpp in Sources */ = {isa = PBXBuildFile; fileRef = 96D0F00F228D2C6E00C98544 /* timer.cpp */; };
		96D0F0AB228D2C6E00C98544 /* fly_utility.cpp in Sources */ = {isa = PBXBuildFile; fileRef = 96D0F010228D2C6E00C98544 /* fly_utility.cpp */; };
		96D0F0AC228D2C6E00C98544 /* timer.h in Headers */ = {isa = PBXBuildFile; fileRef = 96D0F011228D2C6E00C98544 /* timer.h */; };
		96D0F0AE228D2C6E00C98544 /* logger.cpp in Sources */ = {isa = PBXBuildFile; fileRef = 96D0F013228D2C6E00C98544 /* logger.cpp */; };
		96D0F0AF228D2C6E00C98544 /* logger.h in Headers */ = {isa = PBXBuildFile; fileRef = 96D0F014228D2C6E00C98544 /* logger.h */; };
		96D0F0B2228D2C6E00C98544 /* cuda_utility.cpp in Sources */ = {isa = PBXBuildFile; fileRef = 96D0F019228D2C6E00C98544 /* cuda_utility.cpp */; };
		96D0F0B3228D2C6E00C98544 /* cuda_utility.h in Headers */ = {isa = PBXBuildFile; fileRef = 96D0F01A228D2C6E00C98544 /* cuda_utility.h */; };
		96D0F0B4228D2C6E00C98544 /* cuda_program.h in Headers */ = {isa = PBXBuildFile; fileRef = 96D0F01B228D2C6E00C98544 /* cuda_program.h */; };
		96D0F0B5228D2C6E00C98544 /* cuda_stream.h in Headers */ = {isa = PBXBuildFile; fileRef = 96D0F01C228D2C6E00C98544 /* cuda_stream.h */; };
		96D0F0B6228D2C6E00C98544 /* cuda_device.h in Headers */ = {isa = PBXBuildFile; fileRef = 96D0F01D228D2C6E00C98544 /* cuda_device.h */; };
		96D0F0B7228D2C6E00C98544 /* cuda_engine.h in Headers */ = {isa = PBXBuildFile; fileRef = 96D0F01E228D2C6E00C98544 /* cuda_engine.h */; };
		96D0F0B8228D2C6E00C98544 /* cuda_context.h in Headers */ = {isa = PBXBuildFile; fileRef = 96D0F01F228D2C6E00C98544 /* cuda_context.h */; };
		96D0F0B9228D2C6E00C98544 /* cuda_kernel.h in Headers */ = {isa = PBXBuildFile; fileRef = 96D0F020228D2C6E00C98544 /* cuda_kernel.h */; };
		96D0F0BA228D2C6E00C98544 /* cuda_engine.cpp in Sources */ = {isa = PBXBuildFile; fileRef = 96D0F021228D2C6E00C98544 /* cuda_engine.cpp */; };
		96D0F0BD228D2C6E00C98544 /* cuda_event.h in Headers */ = {isa = PBXBuildFile; fileRef = 96D0F024228D2C6E00C98544 /* cuda_event.h */; };
		96D0F0BE228D2C6E00C98544 /* cuda_buffer.h in Headers */ = {isa = PBXBuildFile; fileRef = 96D0F025228D2C6E00C98544 /* cuda_buffer.h */; };
		96D0F0BF228D2C6E00C98544 /* opencl_engine.h in Headers */ = {isa = PBXBuildFile; fileRef = 96D0F027228D2C6E00C98544 /* opencl_engine.h */; };
		96D0F0C0228D2C6E00C98544 /* opencl_context.h in Headers */ = {isa = PBXBuildFile; fileRef = 96D0F028228D2C6E00C98544 /* opencl_context.h */; };
		96D0F0C1228D2C6E00C98544 /* opencl_device.h in Headers */ = {isa = PBXBuildFile; fileRef = 96D0F029228D2C6E00C98544 /* opencl_device.h */; };
		96D0F0C2228D2C6E00C98544 /* opencl_utility.cpp in Sources */ = {isa = PBXBuildFile; fileRef = 96D0F02A228D2C6E00C98544 /* opencl_utility.cpp */; };
		96D0F0C3228D2C6E00C98544 /* opencl_platform.h in Headers */ = {isa = PBXBuildFile; fileRef = 96D0F02B228D2C6E00C98544 /* opencl_platform.h */; };
		96D0F0C4228D2C6E00C98544 /* opencl_command_queue.h in Headers */ = {isa = PBXBuildFile; fileRef = 96D0F02C228D2C6E00C98544 /* opencl_command_queue.h */; };
		96D0F0C5228D2C6E00C98544 /* opencl_event.h in Headers */ = {isa = PBXBuildFile; fileRef = 96D0F02D228D2C6E00C98544 /* opencl_event.h */; };
		96D0F0C6228D2C6E00C98544 /* opencl_engine.cpp in Sources */ = {isa = PBXBuildFile; fileRef = 96D0F02E228D2C6E00C98544 /* opencl_engine.cpp */; };
		96D0F0C7228D2C6E00C98544 /* opencl_buffer.h in Headers */ = {isa = PBXBuildFile; fileRef = 96D0F02F228D2C6E00C98544 /* opencl_buffer.h */; };
		96D0F0C8228D2C6E00C98544 /* opencl_kernel.h in Headers */ = {isa = PBXBuildFile; fileRef = 96D0F030228D2C6E00C98544 /* opencl_kernel.h */; };
		96D0F0C9228D2C6E00C98544 /* opencl_utility.h in Headers */ = {isa = PBXBuildFile; fileRef = 96D0F031228D2C6E00C98544 /* opencl_utility.h */; };
		96D0F0CA228D2C6E00C98544 /* opencl_program.h in Headers */ = {isa = PBXBuildFile; fileRef = 96D0F032228D2C6E00C98544 /* opencl_program.h */; };
		96D0F0CB228D2C6E00C98544 /* vulkan_descriptor_set_layout.h in Headers */ = {isa = PBXBuildFile; fileRef = 96D0F034228D2C6E00C98544 /* vulkan_descriptor_set_layout.h */; };
		96D0F0CC228D2C6E00C98544 /* vulkan_fence.h in Headers */ = {isa = PBXBuildFile; fileRef = 96D0F035228D2C6E00C98544 /* vulkan_fence.h */; };
		96D0F0CD228D2C6E00C98544 /* vulkan_compute_pipeline.h in Headers */ = {isa = PBXBuildFile; fileRef = 96D0F036228D2C6E00C98544 /* vulkan_compute_pipeline.h */; };
		96D0F0CE228D2C6E00C98544 /* vulkan_engine.h in Headers */ = {isa = PBXBuildFile; fileRef = 96D0F037228D2C6E00C98544 /* vulkan_engine.h */; };
		96D0F0CF228D2C6E00C98544 /* vulkan_shader_module.h in Headers */ = {isa = PBXBuildFile; fileRef = 96D0F038228D2C6E00C98544 /* vulkan_shader_module.h */; };
		96D0F0D0228D2C6E00C98544 /* vulkan_event.h in Headers */ = {isa = PBXBuildFile; fileRef = 96D0F039228D2C6E00C98544 /* vulkan_event.h */; };
		96D0F0D1228D2C6E00C98544 /* vulkan_utility.cpp in Sources */ = {isa = PBXBuildFile; fileRef = 96D0F03A228D2C6E00C98544 /* vulkan_utility.cpp */; };
		96D0F0D2228D2C6E00C98544 /* vulkan_query_pool.h in Headers */ = {isa = PBXBuildFile; fileRef = 96D0F03B228D2C6E00C98544 /* vulkan_query_pool.h */; };
		96D0F0D3228D2C6E00C98544 /* vulkan_pipeline_cache_entry.h in Headers */ = {isa = PBXBuildFile; fileRef = 96D0F03C228D2C6E00C98544 /* vulkan_pipeline_cache_entry.h */; };
		96D0F0D4228D2C6E00C98544 /* vulkan_device.h in Headers */ = {isa = PBXBuildFile; fileRef = 96D0F03D228D2C6E00C98544 /* vulkan_device.h */; };
		96D0F0D5228D2C6E00C98544 /* vulkan_instance.h in Headers */ = {isa = PBXBuildFile; fileRef = 96D0F03E228D2C6E00C98544 /* vulkan_instance.h */; };
		96D0F0D6228D2C6E00C98544 /* vulkan_engine.cpp in Sources */ = {isa = PBXBuildFile; fileRef = 96D0F03F228D2C6E00C98544 /* vulkan_engine.cpp */; };
		96D0F0D7228D2C6E00C98544 /* vulkan_descriptor_set_holder.h in Headers */ = {isa = PBXBuildFile; fileRef = 96D0F040228D2C6E00C98544 /* vulkan_descriptor_set_holder.h */; };
		96D0F0D8228D2C6E00C98544 /* vulkan_physical_device.h in Headers */ = {isa = PBXBuildFile; fileRef = 96D0F041228D2C6E00C98544 /* vulkan_physical_device.h */; };
		96D0F0D9228D2C6E00C98544 /* vulkan_buffer.h in Headers */ = {isa = PBXBuildFile; fileRef = 96D0F042228D2C6E00C98544 /* vulkan_buffer.h */; };
		96D0F0DA228D2C6E00C98544 /* vulkan_descriptor_pool.h in Headers */ = {isa = PBXBuildFile; fileRef = 96D0F043228D2C6E00C98544 /* vulkan_descriptor_pool.h */; };
		96D0F0DB228D2C6E00C98544 /* vulkan_command_buffer_holder.h in Headers */ = {isa = PBXBuildFile; fileRef = 96D0F044228D2C6E00C98544 /* vulkan_command_buffer_holder.h */; };
		96D0F0DC228D2C6E00C98544 /* vulkan_utility.h in Headers */ = {isa = PBXBuildFile; fileRef = 96D0F045228D2C6E00C98544 /* vulkan_utility.h */; };
		96D0F0DD228D2C6E00C98544 /* vulkan_semaphore.h in Headers */ = {isa = PBXBuildFile; fileRef = 96D0F046228D2C6E00C98544 /* vulkan_semaphore.h */; };
		96D0F0DE228D2C6E00C98544 /* vulkan_queue.h in Headers */ = {isa = PBXBuildFile; fileRef = 96D0F047228D2C6E00C98544 /* vulkan_queue.h */; };
		96D0F0DF228D2C6E00C98544 /* vulkan_command_pool.h in Headers */ = {isa = PBXBuildFile; fileRef = 96D0F048228D2C6E00C98544 /* vulkan_command_pool.h */; };
		96D0F0E0228D2C6E00C98544 /* shaderc_compiler.h in Headers */ = {isa = PBXBuildFile; fileRef = 96D0F049228D2C6E00C98544 /* shaderc_compiler.h */; };
		96D0F0E1228D2C6E00C98544 /* compute_engine.h in Headers */ = {isa = PBXBuildFile; fileRef = 96D0F04A228D2C6E00C98544 /* compute_engine.h */; };
/* End PBXBuildFile section */

/* Begin PBXFileReference section */
		960E4CE522B775E5007CC8F7 /* tuner_api.h */ = {isa = PBXFileReference; fileEncoding = 4; lastKnownFileType = sourcecode.c.h; path = tuner_api.h; sourceTree = "<group>"; };
		960E4CE622B775E6007CC8F7 /* tuner_core.h */ = {isa = PBXFileReference; fileEncoding = 4; lastKnownFileType = sourcecode.c.h; path = tuner_core.h; sourceTree = "<group>"; };
		960E4CE722B775E6007CC8F7 /* tuner_api.cpp */ = {isa = PBXFileReference; fileEncoding = 4; lastKnownFileType = sourcecode.cpp.cpp; path = tuner_api.cpp; sourceTree = "<group>"; };
		960E4CE822B775E6007CC8F7 /* tuner_core.cpp */ = {isa = PBXFileReference; fileEncoding = 4; lastKnownFileType = sourcecode.cpp.cpp; path = tuner_core.cpp; sourceTree = "<group>"; };
		96574FDD228D58A9008CC2A7 /* OpenCL.framework */ = {isa = PBXFileReference; lastKnownFileType = wrapper.framework; name = OpenCL.framework; path = System/Library/Frameworks/OpenCL.framework; sourceTree = SDKROOT; };
		96574FF3228D726E008CC2A7 /* shaderrc_fly.cpp */ = {isa = PBXFileReference; lastKnownFileType = sourcecode.cpp.cpp; path = shaderrc_fly.cpp; sourceTree = "<group>"; };
		96574FF4228D726E008CC2A7 /* shaderrc_fly.hpp */ = {isa = PBXFileReference; lastKnownFileType = sourcecode.cpp.h; path = shaderrc_fly.hpp; sourceTree = "<group>"; };
		96B2D9E922B37C8D00D1C8E9 /* opencl_common.h */ = {isa = PBXFileReference; lastKnownFileType = sourcecode.c.h; path = opencl_common.h; sourceTree = "<group>"; };
		96D0EFA8228D2C6E00C98544 /* kernel_result.cpp */ = {isa = PBXFileReference; fileEncoding = 4; lastKnownFileType = sourcecode.cpp.cpp; path = kernel_result.cpp; sourceTree = "<group>"; };
		96D0EFA9228D2C6E00C98544 /* kernel_runtime_data.cpp */ = {isa = PBXFileReference; fileEncoding = 4; lastKnownFileType = sourcecode.cpp.cpp; path = kernel_runtime_data.cpp; sourceTree = "<group>"; };
		96D0EFAA228D2C6E00C98544 /* local_memory_modifier.cpp */ = {isa = PBXFileReference; fileEncoding = 4; lastKnownFileType = sourcecode.cpp.cpp; path = local_memory_modifier.cpp; sourceTree = "<group>"; };
		96D0EFAB228D2C6E00C98544 /* kernel_runtime_data.h */ = {isa = PBXFileReference; fileEncoding = 4; lastKnownFileType = sourcecode.c.h; path = kernel_runtime_data.h; sourceTree = "<group>"; };
		96D0EFAC228D2C6E00C98544 /* kernel_result.h */ = {isa = PBXFileReference; fileEncoding = 4; lastKnownFileType = sourcecode.c.h; path = kernel_result.h; sourceTree = "<group>"; };
		96D0EFAD228D2C6E00C98544 /* local_memory_modifier.h */ = {isa = PBXFileReference; fileEncoding = 4; lastKnownFileType = sourcecode.c.h; path = local_memory_modifier.h; sourceTree = "<group>"; };
		96D0EFAE228D2C6E00C98544 /* fly_types.h */ = {isa = PBXFileReference; fileEncoding = 4; lastKnownFileType = sourcecode.c.h; path = fly_types.h; sourceTree = "<group>"; };
		96D0EFB6228D2C6E00C98544 /* kernel_runner.h */ = {isa = PBXFileReference; fileEncoding = 4; lastKnownFileType = sourcecode.c.h; path = kernel_runner.h; sourceTree = "<group>"; };
		96D0EFBF228D2C6E00C98544 /* kernel_runner.cpp */ = {isa = PBXFileReference; fileEncoding = 4; lastKnownFileType = sourcecode.cpp.cpp; path = kernel_runner.cpp; sourceTree = "<group>"; };
		96D0EFC5228D2C6E00C98544 /* modifier_dimension.h */ = {isa = PBXFileReference; fileEncoding = 4; lastKnownFileType = sourcecode.c.h; path = modifier_dimension.h; sourceTree = "<group>"; };
		96D0EFC6228D2C6E00C98544 /* argument_upload_type.h */ = {isa = PBXFileReference; fileEncoding = 4; lastKnownFileType = sourcecode.c.h; path = argument_upload_type.h; sourceTree = "<group>"; };
		96D0EFC8228D2C6E00C98544 /* compute_api.h */ = {isa = PBXFileReference; fileEncoding = 4; lastKnownFileType = sourcecode.c.h; path = compute_api.h; sourceTree = "<group>"; };
		96D0EFCA228D2C6E00C98544 /* device_type.h */ = {isa = PBXFileReference; fileEncoding = 4; lastKnownFileType = sourcecode.c.h; path = device_type.h; sourceTree = "<group>"; };
		96D0EFCB228D2C6E00C98544 /* dimension_vector_type.h */ = {isa = PBXFileReference; fileEncoding = 4; lastKnownFileType = sourcecode.c.h; path = dimension_vector_type.h; sourceTree = "<group>"; };
		96D0EFCD228D2C6E00C98544 /* modifier_action.h */ = {isa = PBXFileReference; fileEncoding = 4; lastKnownFileType = sourcecode.c.h; path = modifier_action.h; sourceTree = "<group>"; };
		96D0EFCE228D2C6E00C98544 /* global_size_type.h */ = {isa = PBXFileReference; fileEncoding = 4; lastKnownFileType = sourcecode.c.h; path = global_size_type.h; sourceTree = "<group>"; };
		96D0EFCF228D2C6E00C98544 /* argument_memory_location.h */ = {isa = PBXFileReference; fileEncoding = 4; lastKnownFileType = sourcecode.c.h; path = argument_memory_location.h; sourceTree = "<group>"; };
		96D0EFD0228D2C6E00C98544 /* argument_data_type.h */ = {isa = PBXFileReference; fileEncoding = 4; lastKnownFileType = sourcecode.c.h; path = argument_data_type.h; sourceTree = "<group>"; };
		96D0EFD1228D2C6E00C98544 /* validation_mode.h */ = {isa = PBXFileReference; fileEncoding = 4; lastKnownFileType = sourcecode.c.h; path = validation_mode.h; sourceTree = "<group>"; };
		96D0EFD2228D2C6E00C98544 /* argument_access_type.h */ = {isa = PBXFileReference; fileEncoding = 4; lastKnownFileType = sourcecode.c.h; path = argument_access_type.h; sourceTree = "<group>"; };
		96D0EFD3228D2C6E00C98544 /* kernel_run_mode.h */ = {isa = PBXFileReference; fileEncoding = 4; lastKnownFileType = sourcecode.c.h; path = kernel_run_mode.h; sourceTree = "<group>"; };
		96D0EFD4228D2C6E00C98544 /* logging_level.h */ = {isa = PBXFileReference; fileEncoding = 4; lastKnownFileType = sourcecode.c.h; path = logging_level.h; sourceTree = "<group>"; };
		96D0EFD5228D2C6E00C98544 /* enum_bitfield.h */ = {isa = PBXFileReference; fileEncoding = 4; lastKnownFileType = sourcecode.c.h; path = enum_bitfield.h; sourceTree = "<group>"; };
		96D0EFD6228D2C6E00C98544 /* time_unit.h */ = {isa = PBXFileReference; fileEncoding = 4; lastKnownFileType = sourcecode.c.h; path = time_unit.h; sourceTree = "<group>"; };
		96D0EFD7228D2C6E00C98544 /* modifier_type.h */ = {isa = PBXFileReference; fileEncoding = 4; lastKnownFileType = sourcecode.c.h; path = modifier_type.h; sourceTree = "<group>"; };
		96D0EFD8228D2C6E00C98544 /* profiling_counter_type.h */ = {isa = PBXFileReference; fileEncoding = 4; lastKnownFileType = sourcecode.c.h; path = profiling_counter_type.h; sourceTree = "<group>"; };
		96D0EFDA228D2C6E00C98544 /* argument_manager.h */ = {isa = PBXFileReference; fileEncoding = 4; lastKnownFileType = sourcecode.c.h; path = argument_manager.h; sourceTree = "<group>"; };
		96D0EFDB228D2C6E00C98544 /* argument_manager.cpp */ = {isa = PBXFileReference; fileEncoding = 4; lastKnownFileType = sourcecode.cpp.cpp; path = argument_manager.cpp; sourceTree = "<group>"; };
		96D0EFDC228D2C6E00C98544 /* kernel_argument.h */ = {isa = PBXFileReference; fileEncoding = 4; lastKnownFileType = sourcecode.c.h; path = kernel_argument.h; sourceTree = "<group>"; };
		96D0EFDD228D2C6E00C98544 /* kernel_argument.cpp */ = {isa = PBXFileReference; fileEncoding = 4; lastKnownFileType = sourcecode.cpp.cpp; path = kernel_argument.cpp; sourceTree = "<group>"; };
		96D0EFE0228D2C6E00C98544 /* half.h */ = {isa = PBXFileReference; fileEncoding = 4; lastKnownFileType = sourcecode.c.h; path = half.h; sourceTree = "<group>"; };
		96D0EFE2228D2C6E00C98544 /* computation_result.cpp */ = {isa = PBXFileReference; fileEncoding = 4; lastKnownFileType = sourcecode.cpp.cpp; path = computation_result.cpp; sourceTree = "<group>"; };
		96D0EFE3228D2C6E00C98544 /* output_descriptor.h */ = {isa = PBXFileReference; fileEncoding = 4; lastKnownFileType = sourcecode.c.h; path = output_descriptor.h; sourceTree = "<group>"; };
		96D0EFE4228D2C6E00C98544 /* parameter_pair.h */ = {isa = PBXFileReference; fileEncoding = 4; lastKnownFileType = sourcecode.c.h; path = parameter_pair.h; sourceTree = "<group>"; };
		96D0EFEC228D2C6E00C98544 /* computation_result.h */ = {isa = PBXFileReference; fileEncoding = 4; lastKnownFileType = sourcecode.c.h; path = computation_result.h; sourceTree = "<group>"; };
		96D0EFED228D2C6E00C98544 /* platform_info.h */ = {isa = PBXFileReference; fileEncoding = 4; lastKnownFileType = sourcecode.c.h; path = platform_info.h; sourceTree = "<group>"; };
		96D0EFF0228D2C6E00C98544 /* device_info.cpp */ = {isa = PBXFileReference; fileEncoding = 4; lastKnownFileType = sourcecode.cpp.cpp; path = device_info.cpp; sourceTree = "<group>"; };
		96D0EFF1228D2C6E00C98544 /* dimension_vector.cpp */ = {isa = PBXFileReference; fileEncoding = 4; lastKnownFileType = sourcecode.cpp.cpp; path = dimension_vector.cpp; sourceTree = "<group>"; };
		96D0EFF3228D2C6E00C98544 /* dimension_vector.h */ = {isa = PBXFileReference; fileEncoding = 4; lastKnownFileType = sourcecode.c.h; path = dimension_vector.h; sourceTree = "<group>"; };
		96D0EFF4228D2C6E00C98544 /* output_descriptor.cpp */ = {isa = PBXFileReference; fileEncoding = 4; lastKnownFileType = sourcecode.cpp.cpp; path = output_descriptor.cpp; sourceTree = "<group>"; };
		96D0EFF8228D2C6E00C98544 /* parameter_pair.cpp */ = {isa = PBXFileReference; fileEncoding = 4; lastKnownFileType = sourcecode.cpp.cpp; path = parameter_pair.cpp; sourceTree = "<group>"; };
		96D0EFF9228D2C6E00C98544 /* platform_info.cpp */ = {isa = PBXFileReference; fileEncoding = 4; lastKnownFileType = sourcecode.cpp.cpp; path = platform_info.cpp; sourceTree = "<group>"; };
		96D0EFFA228D2C6E00C98544 /* device_info.h */ = {isa = PBXFileReference; fileEncoding = 4; lastKnownFileType = sourcecode.c.h; path = device_info.h; sourceTree = "<group>"; };
		96D0EFFC228D2C6E00C98544 /* kernel_constraint.cpp */ = {isa = PBXFileReference; fileEncoding = 4; lastKnownFileType = sourcecode.cpp.cpp; path = kernel_constraint.cpp; sourceTree = "<group>"; };
		96D0EFFD228D2C6E00C98544 /* kernel_configuration.cpp */ = {isa = PBXFileReference; fileEncoding = 4; lastKnownFileType = sourcecode.cpp.cpp; path = kernel_configuration.cpp; sourceTree = "<group>"; };
		96D0EFFE228D2C6E00C98544 /* kernel.cpp */ = {isa = PBXFileReference; fileEncoding = 4; lastKnownFileType = sourcecode.cpp.cpp; path = kernel.cpp; sourceTree = "<group>"; };
		96D0EFFF228D2C6E00C98544 /* kernel_parameter_pack.cpp */ = {isa = PBXFileReference; fileEncoding = 4; lastKnownFileType = sourcecode.cpp.cpp; path = kernel_parameter_pack.cpp; sourceTree = "<group>"; };
		96D0F000228D2C6E00C98544 /* kernel_parameter.cpp */ = {isa = PBXFileReference; fileEncoding = 4; lastKnownFileType = sourcecode.cpp.cpp; path = kernel_parameter.cpp; sourceTree = "<group>"; };
		96D0F002228D2C6E00C98544 /* kernel_manager.h */ = {isa = PBXFileReference; fileEncoding = 4; lastKnownFileType = sourcecode.c.h; path = kernel_manager.h; sourceTree = "<group>"; };
		96D0F003228D2C6E00C98544 /* kernel_parameter_pack.h */ = {isa = PBXFileReference; fileEncoding = 4; lastKnownFileType = sourcecode.c.h; path = kernel_parameter_pack.h; sourceTree = "<group>"; };
		96D0F004228D2C6E00C98544 /* kernel.h */ = {isa = PBXFileReference; fileEncoding = 4; lastKnownFileType = sourcecode.c.h; path = kernel.h; sourceTree = "<group>"; };
		96D0F005228D2C6E00C98544 /* kernel_manager.cpp */ = {isa = PBXFileReference; fileEncoding = 4; lastKnownFileType = sourcecode.cpp.cpp; path = kernel_manager.cpp; sourceTree = "<group>"; };
		96D0F006228D2C6E00C98544 /* kernel_configuration.h */ = {isa = PBXFileReference; fileEncoding = 4; lastKnownFileType = sourcecode.c.h; path = kernel_configuration.h; sourceTree = "<group>"; };
		96D0F008228D2C6E00C98544 /* kernel_constraint.h */ = {isa = PBXFileReference; fileEncoding = 4; lastKnownFileType = sourcecode.c.h; path = kernel_constraint.h; sourceTree = "<group>"; };
		96D0F009228D2C6E00C98544 /* kernel_parameter.h */ = {isa = PBXFileReference; fileEncoding = 4; lastKnownFileType = sourcecode.c.h; path = kernel_parameter.h; sourceTree = "<group>"; };
		96D0F00A228D2C6E00C98544 /* fly_platform.h */ = {isa = PBXFileReference; fileEncoding = 4; lastKnownFileType = sourcecode.c.h; path = fly_platform.h; sourceTree = "<group>"; };
		96D0F00E228D2C6E00C98544 /* fly_utility.h */ = {isa = PBXFileReference; fileEncoding = 4; lastKnownFileType = sourcecode.c.h; path = fly_utility.h; sourceTree = "<group>"; };
		96D0F00F228D2C6E00C98544 /* timer.cpp */ = {isa = PBXFileReference; fileEncoding = 4; lastKnownFileType = sourcecode.cpp.cpp; path = timer.cpp; sourceTree = "<group>"; };
		96D0F010228D2C6E00C98544 /* fly_utility.cpp */ = {isa = PBXFileReference; fileEncoding = 4; lastKnownFileType = sourcecode.cpp.cpp; path = fly_utility.cpp; sourceTree = "<group>"; };
		96D0F011228D2C6E00C98544 /* timer.h */ = {isa = PBXFileReference; fileEncoding = 4; lastKnownFileType = sourcecode.c.h; path = timer.h; sourceTree = "<group>"; };
		96D0F013228D2C6E00C98544 /* logger.cpp */ = {isa = PBXFileReference; fileEncoding = 4; lastKnownFileType = sourcecode.cpp.cpp; path = logger.cpp; sourceTree = "<group>"; };
		96D0F014228D2C6E00C98544 /* logger.h */ = {isa = PBXFileReference; fileEncoding = 4; lastKnownFileType = sourcecode.c.h; path = logger.h; sourceTree = "<group>"; };
		96D0F019228D2C6E00C98544 /* cuda_utility.cpp */ = {isa = PBXFileReference; fileEncoding = 4; lastKnownFileType = sourcecode.cpp.cpp; path = cuda_utility.cpp; sourceTree = "<group>"; };
		96D0F01A228D2C6E00C98544 /* cuda_utility.h */ = {isa = PBXFileReference; fileEncoding = 4; lastKnownFileType = sourcecode.c.h; path = cuda_utility.h; sourceTree = "<group>"; };
		96D0F01B228D2C6E00C98544 /* cuda_program.h */ = {isa = PBXFileReference; fileEncoding = 4; lastKnownFileType = sourcecode.c.h; path = cuda_program.h; sourceTree = "<group>"; };
		96D0F01C228D2C6E00C98544 /* cuda_stream.h */ = {isa = PBXFileReference; fileEncoding = 4; lastKnownFileType = sourcecode.c.h; path = cuda_stream.h; sourceTree = "<group>"; };
		96D0F01D228D2C6E00C98544 /* cuda_device.h */ = {isa = PBXFileReference; fileEncoding = 4; lastKnownFileType = sourcecode.c.h; path = cuda_device.h; sourceTree = "<group>"; };
		96D0F01E228D2C6E00C98544 /* cuda_engine.h */ = {isa = PBXFileReference; fileEncoding = 4; lastKnownFileType = sourcecode.c.h; path = cuda_engine.h; sourceTree = "<group>"; };
		96D0F01F228D2C6E00C98544 /* cuda_context.h */ = {isa = PBXFileReference; fileEncoding = 4; lastKnownFileType = sourcecode.c.h; path = cuda_context.h; sourceTree = "<group>"; };
		96D0F020228D2C6E00C98544 /* cuda_kernel.h */ = {isa = PBXFileReference; fileEncoding = 4; lastKnownFileType = sourcecode.c.h; path = cuda_kernel.h; sourceTree = "<group>"; };
		96D0F021228D2C6E00C98544 /* cuda_engine.cpp */ = {isa = PBXFileReference; fileEncoding = 4; lastKnownFileType = sourcecode.cpp.cpp; path = cuda_engine.cpp; sourceTree = "<group>"; };
		96D0F024228D2C6E00C98544 /* cuda_event.h */ = {isa = PBXFileReference; fileEncoding = 4; lastKnownFileType = sourcecode.c.h; path = cuda_event.h; sourceTree = "<group>"; };
		96D0F025228D2C6E00C98544 /* cuda_buffer.h */ = {isa = PBXFileReference; fileEncoding = 4; lastKnownFileType = sourcecode.c.h; path = cuda_buffer.h; sourceTree = "<group>"; };
		96D0F027228D2C6E00C98544 /* opencl_engine.h */ = {isa = PBXFileReference; fileEncoding = 4; lastKnownFileType = sourcecode.c.h; path = opencl_engine.h; sourceTree = "<group>"; };
		96D0F028228D2C6E00C98544 /* opencl_context.h */ = {isa = PBXFileReference; fileEncoding = 4; lastKnownFileType = sourcecode.c.h; path = opencl_context.h; sourceTree = "<group>"; };
		96D0F029228D2C6E00C98544 /* opencl_device.h */ = {isa = PBXFileReference; fileEncoding = 4; lastKnownFileType = sourcecode.c.h; path = opencl_device.h; sourceTree = "<group>"; };
		96D0F02A228D2C6E00C98544 /* opencl_utility.cpp */ = {isa = PBXFileReference; fileEncoding = 4; lastKnownFileType = sourcecode.cpp.cpp; path = opencl_utility.cpp; sourceTree = "<group>"; };
		96D0F02B228D2C6E00C98544 /* opencl_platform.h */ = {isa = PBXFileReference; fileEncoding = 4; lastKnownFileType = sourcecode.c.h; path = opencl_platform.h; sourceTree = "<group>"; };
		96D0F02C228D2C6E00C98544 /* opencl_command_queue.h */ = {isa = PBXFileReference; fileEncoding = 4; lastKnownFileType = sourcecode.c.h; path = opencl_command_queue.h; sourceTree = "<group>"; };
		96D0F02D228D2C6E00C98544 /* opencl_event.h */ = {isa = PBXFileReference; fileEncoding = 4; lastKnownFileType = sourcecode.c.h; path = opencl_event.h; sourceTree = "<group>"; };
		96D0F02E228D2C6E00C98544 /* opencl_engine.cpp */ = {isa = PBXFileReference; fileEncoding = 4; lastKnownFileType = sourcecode.cpp.cpp; path = opencl_engine.cpp; sourceTree = "<group>"; };
		96D0F02F228D2C6E00C98544 /* opencl_buffer.h */ = {isa = PBXFileReference; fileEncoding = 4; lastKnownFileType = sourcecode.c.h; path = opencl_buffer.h; sourceTree = "<group>"; };
		96D0F030228D2C6E00C98544 /* opencl_kernel.h */ = {isa = PBXFileReference; fileEncoding = 4; lastKnownFileType = sourcecode.c.h; path = opencl_kernel.h; sourceTree = "<group>"; };
		96D0F031228D2C6E00C98544 /* opencl_utility.h */ = {isa = PBXFileReference; fileEncoding = 4; lastKnownFileType = sourcecode.c.h; path = opencl_utility.h; sourceTree = "<group>"; };
		96D0F032228D2C6E00C98544 /* opencl_program.h */ = {isa = PBXFileReference; fileEncoding = 4; lastKnownFileType = sourcecode.c.h; path = opencl_program.h; sourceTree = "<group>"; };
		96D0F034228D2C6E00C98544 /* vulkan_descriptor_set_layout.h */ = {isa = PBXFileReference; fileEncoding = 4; lastKnownFileType = sourcecode.c.h; path = vulkan_descriptor_set_layout.h; sourceTree = "<group>"; };
		96D0F035228D2C6E00C98544 /* vulkan_fence.h */ = {isa = PBXFileReference; fileEncoding = 4; lastKnownFileType = sourcecode.c.h; path = vulkan_fence.h; sourceTree = "<group>"; };
		96D0F036228D2C6E00C98544 /* vulkan_compute_pipeline.h */ = {isa = PBXFileReference; fileEncoding = 4; lastKnownFileType = sourcecode.c.h; path = vulkan_compute_pipeline.h; sourceTree = "<group>"; };
		96D0F037228D2C6E00C98544 /* vulkan_engine.h */ = {isa = PBXFileReference; fileEncoding = 4; lastKnownFileType = sourcecode.c.h; path = vulkan_engine.h; sourceTree = "<group>"; };
		96D0F038228D2C6E00C98544 /* vulkan_shader_module.h */ = {isa = PBXFileReference; fileEncoding = 4; lastKnownFileType = sourcecode.c.h; path = vulkan_shader_module.h; sourceTree = "<group>"; };
		96D0F039228D2C6E00C98544 /* vulkan_event.h */ = {isa = PBXFileReference; fileEncoding = 4; lastKnownFileType = sourcecode.c.h; path = vulkan_event.h; sourceTree = "<group>"; };
		96D0F03A228D2C6E00C98544 /* vulkan_utility.cpp */ = {isa = PBXFileReference; fileEncoding = 4; lastKnownFileType = sourcecode.cpp.cpp; path = vulkan_utility.cpp; sourceTree = "<group>"; };
		96D0F03B228D2C6E00C98544 /* vulkan_query_pool.h */ = {isa = PBXFileReference; fileEncoding = 4; lastKnownFileType = sourcecode.c.h; path = vulkan_query_pool.h; sourceTree = "<group>"; };
		96D0F03C228D2C6E00C98544 /* vulkan_pipeline_cache_entry.h */ = {isa = PBXFileReference; fileEncoding = 4; lastKnownFileType = sourcecode.c.h; path = vulkan_pipeline_cache_entry.h; sourceTree = "<group>"; };
		96D0F03D228D2C6E00C98544 /* vulkan_device.h */ = {isa = PBXFileReference; fileEncoding = 4; lastKnownFileType = sourcecode.c.h; path = vulkan_device.h; sourceTree = "<group>"; };
		96D0F03E228D2C6E00C98544 /* vulkan_instance.h */ = {isa = PBXFileReference; fileEncoding = 4; lastKnownFileType = sourcecode.c.h; path = vulkan_instance.h; sourceTree = "<group>"; };
		96D0F03F228D2C6E00C98544 /* vulkan_engine.cpp */ = {isa = PBXFileReference; fileEncoding = 4; lastKnownFileType = sourcecode.cpp.cpp; path = vulkan_engine.cpp; sourceTree = "<group>"; };
		96D0F040228D2C6E00C98544 /* vulkan_descriptor_set_holder.h */ = {isa = PBXFileReference; fileEncoding = 4; lastKnownFileType = sourcecode.c.h; path = vulkan_descriptor_set_holder.h; sourceTree = "<group>"; };
		96D0F041228D2C6E00C98544 /* vulkan_physical_device.h */ = {isa = PBXFileReference; fileEncoding = 4; lastKnownFileType = sourcecode.c.h; path = vulkan_physical_device.h; sourceTree = "<group>"; };
		96D0F042228D2C6E00C98544 /* vulkan_buffer.h */ = {isa = PBXFileReference; fileEncoding = 4; lastKnownFileType = sourcecode.c.h; path = vulkan_buffer.h; sourceTree = "<group>"; };
		96D0F043228D2C6E00C98544 /* vulkan_descriptor_pool.h */ = {isa = PBXFileReference; fileEncoding = 4; lastKnownFileType = sourcecode.c.h; path = vulkan_descriptor_pool.h; sourceTree = "<group>"; };
		96D0F044228D2C6E00C98544 /* vulkan_command_buffer_holder.h */ = {isa = PBXFileReference; fileEncoding = 4; lastKnownFileType = sourcecode.c.h; path = vulkan_command_buffer_holder.h; sourceTree = "<group>"; };
		96D0F045228D2C6E00C98544 /* vulkan_utility.h */ = {isa = PBXFileReference; fileEncoding = 4; lastKnownFileType = sourcecode.c.h; path = vulkan_utility.h; sourceTree = "<group>"; };
		96D0F046228D2C6E00C98544 /* vulkan_semaphore.h */ = {isa = PBXFileReference; fileEncoding = 4; lastKnownFileType = sourcecode.c.h; path = vulkan_semaphore.h; sourceTree = "<group>"; };
		96D0F047228D2C6E00C98544 /* vulkan_queue.h */ = {isa = PBXFileReference; fileEncoding = 4; lastKnownFileType = sourcecode.c.h; path = vulkan_queue.h; sourceTree = "<group>"; };
		96D0F048228D2C6E00C98544 /* vulkan_command_pool.h */ = {isa = PBXFileReference; fileEncoding = 4; lastKnownFileType = sourcecode.c.h; path = vulkan_command_pool.h; sourceTree = "<group>"; };
		96D0F049228D2C6E00C98544 /* shaderc_compiler.h */ = {isa = PBXFileReference; fileEncoding = 4; lastKnownFileType = sourcecode.c.h; path = shaderc_compiler.h; sourceTree = "<group>"; };
		96D0F04A228D2C6E00C98544 /* compute_engine.h */ = {isa = PBXFileReference; fileEncoding = 4; lastKnownFileType = sourcecode.c.h; path = compute_engine.h; sourceTree = "<group>"; };
		96EED22B2276F9C600FA0974 /* libflygpgpu_lib.a */ = {isa = PBXFileReference; explicitFileType = archive.ar; includeInIndex = 0; path = libflygpgpu_lib.a; sourceTree = BUILT_PRODUCTS_DIR; };
/* End PBXFileReference section */

/* Begin PBXFrameworksBuildPhase section */
		96EED2292276F9C600FA0974 /* Frameworks */ = {
			isa = PBXFrameworksBuildPhase;
			buildActionMask = 2147483647;
			files = (
				96574FDE228D58A9008CC2A7 /* OpenCL.framework in Frameworks */,
			);
			runOnlyForDeploymentPostprocessing = 0;
		};
/* End PBXFrameworksBuildPhase section */

/* Begin PBXGroup section */
		96574FD2228D5852008CC2A7 /* shaderc_fly */ = {
			isa = PBXGroup;
			children = (
				96574FF3228D726E008CC2A7 /* shaderrc_fly.cpp */,
				96574FF4228D726E008CC2A7 /* shaderrc_fly.hpp */,
			);
			path = shaderc_fly;
			sourceTree = "<group>";
		};
		96D0EFA6228D2C6E00C98544 /* fly */ = {
			isa = PBXGroup;
			children = (
				960E4CE522B775E5007CC8F7 /* tuner_api.h */,
				960E4CE722B775E6007CC8F7 /* tuner_api.cpp */,
				960E4CE822B775E6007CC8F7 /* tuner_core.cpp */,
				960E4CE622B775E6007CC8F7 /* tuner_core.h */,
				96D0EFAE228D2C6E00C98544 /* fly_types.h */,
				96D0F00A228D2C6E00C98544 /* fly_platform.h */,
				96D0EFE0228D2C6E00C98544 /* half.h */,
				96D0F017228D2C6E00C98544 /* compute_engine */,
				96D0EFE1228D2C6E00C98544 /* api */,
				96D0EFA7228D2C6E00C98544 /* dto */,
				96D0EFAF228D2C6E00C98544 /* tuning_runner */,
				96D0EFC4228D2C6E00C98544 /* enum */,
				96D0EFD9228D2C6E00C98544 /* kernel_argument */,
				96D0EFFB228D2C6E00C98544 /* kernel */,
				96D0F00B228D2C6E00C98544 /* utility */,
			);
			name = fly;
			path = ../../fly;
			sourceTree = "<group>";
		};
		96D0EFA7228D2C6E00C98544 /* dto */ = {
			isa = PBXGroup;
			children = (
				96D0EFA8228D2C6E00C98544 /* kernel_result.cpp */,
				96D0EFA9228D2C6E00C98544 /* kernel_runtime_data.cpp */,
				96D0EFAA228D2C6E00C98544 /* local_memory_modifier.cpp */,
				96D0EFAB228D2C6E00C98544 /* kernel_runtime_data.h */,
				96D0EFAC228D2C6E00C98544 /* kernel_result.h */,
				96D0EFAD228D2C6E00C98544 /* local_memory_modifier.h */,
			);
			path = dto;
			sourceTree = "<group>";
		};
		96D0EFAF228D2C6E00C98544 /* tuning_runner */ = {
			isa = PBXGroup;
			children = (
				96D0EFB6228D2C6E00C98544 /* kernel_runner.h */,
				96D0EFBF228D2C6E00C98544 /* kernel_runner.cpp */,
			);
			path = tuning_runner;
			sourceTree = "<group>";
		};
		96D0EFC4228D2C6E00C98544 /* enum */ = {
			isa = PBXGroup;
			children = (
				96D0EFC5228D2C6E00C98544 /* modifier_dimension.h */,
				96D0EFC6228D2C6E00C98544 /* argument_upload_type.h */,
				96D0EFC8228D2C6E00C98544 /* compute_api.h */,
				96D0EFCA228D2C6E00C98544 /* device_type.h */,
				96D0EFCB228D2C6E00C98544 /* dimension_vector_type.h */,
				96D0EFCD228D2C6E00C98544 /* modifier_action.h */,
				96D0EFCE228D2C6E00C98544 /* global_size_type.h */,
				96D0EFCF228D2C6E00C98544 /* argument_memory_location.h */,
				96D0EFD0228D2C6E00C98544 /* argument_data_type.h */,
				96D0EFD1228D2C6E00C98544 /* validation_mode.h */,
				96D0EFD2228D2C6E00C98544 /* argument_access_type.h */,
				96D0EFD3228D2C6E00C98544 /* kernel_run_mode.h */,
				96D0EFD4228D2C6E00C98544 /* logging_level.h */,
				96D0EFD5228D2C6E00C98544 /* enum_bitfield.h */,
				96D0EFD6228D2C6E00C98544 /* time_unit.h */,
				96D0EFD7228D2C6E00C98544 /* modifier_type.h */,
				96D0EFD8228D2C6E00C98544 /* profiling_counter_type.h */,
			);
			path = enum;
			sourceTree = "<group>";
		};
		96D0EFD9228D2C6E00C98544 /* kernel_argument */ = {
			isa = PBXGroup;
			children = (
				96D0EFDA228D2C6E00C98544 /* argument_manager.h */,
				96D0EFDB228D2C6E00C98544 /* argument_manager.cpp */,
				96D0EFDC228D2C6E00C98544 /* kernel_argument.h */,
				96D0EFDD228D2C6E00C98544 /* kernel_argument.cpp */,
			);
			path = kernel_argument;
			sourceTree = "<group>";
		};
		96D0EFE1228D2C6E00C98544 /* api */ = {
			isa = PBXGroup;
			children = (
				96D0EFEC228D2C6E00C98544 /* computation_result.h */,
				96D0EFE2228D2C6E00C98544 /* computation_result.cpp */,
				96D0EFE4228D2C6E00C98544 /* parameter_pair.h */,
				96D0EFF8228D2C6E00C98544 /* parameter_pair.cpp */,
				96D0EFED228D2C6E00C98544 /* platform_info.h */,
				96D0EFFA228D2C6E00C98544 /* device_info.h */,
				96D0EFF0228D2C6E00C98544 /* device_info.cpp */,
				96D0EFF3228D2C6E00C98544 /* dimension_vector.h */,
				96D0EFF1228D2C6E00C98544 /* dimension_vector.cpp */,
				96D0EFE3228D2C6E00C98544 /* output_descriptor.h */,
				96D0EFF4228D2C6E00C98544 /* output_descriptor.cpp */,
				96D0EFF9228D2C6E00C98544 /* platform_info.cpp */,
			);
			path = api;
			sourceTree = "<group>";
		};
		96D0EFFB228D2C6E00C98544 /* kernel */ = {
			isa = PBXGroup;
			children = (
				96D0F008228D2C6E00C98544 /* kernel_constraint.h */,
				96D0EFFC228D2C6E00C98544 /* kernel_constraint.cpp */,
				96D0F006228D2C6E00C98544 /* kernel_configuration.h */,
				96D0EFFD228D2C6E00C98544 /* kernel_configuration.cpp */,
				96D0F004228D2C6E00C98544 /* kernel.h */,
				96D0EFFE228D2C6E00C98544 /* kernel.cpp */,
				96D0F003228D2C6E00C98544 /* kernel_parameter_pack.h */,
				96D0EFFF228D2C6E00C98544 /* kernel_parameter_pack.cpp */,
				96D0F009228D2C6E00C98544 /* kernel_parameter.h */,
				96D0F000228D2C6E00C98544 /* kernel_parameter.cpp */,
				96D0F002228D2C6E00C98544 /* kernel_manager.h */,
				96D0F005228D2C6E00C98544 /* kernel_manager.cpp */,
			);
			path = kernel;
			sourceTree = "<group>";
		};
		96D0F00B228D2C6E00C98544 /* utility */ = {
			isa = PBXGroup;
			children = (
				96D0F00E228D2C6E00C98544 /* fly_utility.h */,
				96D0F010228D2C6E00C98544 /* fly_utility.cpp */,
				96D0F011228D2C6E00C98544 /* timer.h */,
				96D0F00F228D2C6E00C98544 /* timer.cpp */,
				96D0F013228D2C6E00C98544 /* logger.cpp */,
				96D0F014228D2C6E00C98544 /* logger.h */,
			);
			path = utility;
			sourceTree = "<group>";
		};
		96D0F017228D2C6E00C98544 /* compute_engine */ = {
			isa = PBXGroup;
			children = (
				96D0F018228D2C6E00C98544 /* cuda */,
				96D0F026228D2C6E00C98544 /* opencl */,
				96D0F033228D2C6E00C98544 /* vulkan */,
				96D0F04A228D2C6E00C98544 /* compute_engine.h */,
			);
			path = compute_engine;
			sourceTree = "<group>";
		};
		96D0F018228D2C6E00C98544 /* cuda */ = {
			isa = PBXGroup;
			children = (
				96D0F019228D2C6E00C98544 /* cuda_utility.cpp */,
				96D0F01A228D2C6E00C98544 /* cuda_utility.h */,
				96D0F01B228D2C6E00C98544 /* cuda_program.h */,
				96D0F01C228D2C6E00C98544 /* cuda_stream.h */,
				96D0F01D228D2C6E00C98544 /* cuda_device.h */,
				96D0F01E228D2C6E00C98544 /* cuda_engine.h */,
				96D0F01F228D2C6E00C98544 /* cuda_context.h */,
				96D0F020228D2C6E00C98544 /* cuda_kernel.h */,
				96D0F021228D2C6E00C98544 /* cuda_engine.cpp */,
				96D0F024228D2C6E00C98544 /* cuda_event.h */,
				96D0F025228D2C6E00C98544 /* cuda_buffer.h */,
			);
			path = cuda;
			sourceTree = "<group>";
		};
		96D0F026228D2C6E00C98544 /* opencl */ = {
			isa = PBXGroup;
			children = (
				96D0F027228D2C6E00C98544 /* opencl_engine.h */,
				96D0F02E228D2C6E00C98544 /* opencl_engine.cpp */,
				96D0F028228D2C6E00C98544 /* opencl_context.h */,
				96D0F029228D2C6E00C98544 /* opencl_device.h */,
				96D0F02B228D2C6E00C98544 /* opencl_platform.h */,
				96D0F02C228D2C6E00C98544 /* opencl_command_queue.h */,
				96D0F02D228D2C6E00C98544 /* opencl_event.h */,
				96D0F02F228D2C6E00C98544 /* opencl_buffer.h */,
				96D0F030228D2C6E00C98544 /* opencl_kernel.h */,
				96D0F031228D2C6E00C98544 /* opencl_utility.h */,
				96D0F02A228D2C6E00C98544 /* opencl_utility.cpp */,
				96D0F032228D2C6E00C98544 /* opencl_program.h */,
				96B2D9E922B37C8D00D1C8E9 /* opencl_common.h */,
			);
			path = opencl;
			sourceTree = "<group>";
		};
		96D0F033228D2C6E00C98544 /* vulkan */ = {
			isa = PBXGroup;
			children = (
				96574FD2228D5852008CC2A7 /* shaderc_fly */,
				96D0F034228D2C6E00C98544 /* vulkan_descriptor_set_layout.h */,
				96D0F035228D2C6E00C98544 /* vulkan_fence.h */,
				96D0F036228D2C6E00C98544 /* vulkan_compute_pipeline.h */,
				96D0F037228D2C6E00C98544 /* vulkan_engine.h */,
				96D0F03F228D2C6E00C98544 /* vulkan_engine.cpp */,
				96D0F038228D2C6E00C98544 /* vulkan_shader_module.h */,
				96D0F039228D2C6E00C98544 /* vulkan_event.h */,
				96D0F045228D2C6E00C98544 /* vulkan_utility.h */,
				96D0F03A228D2C6E00C98544 /* vulkan_utility.cpp */,
				96D0F03B228D2C6E00C98544 /* vulkan_query_pool.h */,
				96D0F03C228D2C6E00C98544 /* vulkan_pipeline_cache_entry.h */,
				96D0F03D228D2C6E00C98544 /* vulkan_device.h */,
				96D0F03E228D2C6E00C98544 /* vulkan_instance.h */,
				96D0F040228D2C6E00C98544 /* vulkan_descriptor_set_holder.h */,
				96D0F041228D2C6E00C98544 /* vulkan_physical_device.h */,
				96D0F042228D2C6E00C98544 /* vulkan_buffer.h */,
				96D0F043228D2C6E00C98544 /* vulkan_descriptor_pool.h */,
				96D0F044228D2C6E00C98544 /* vulkan_command_buffer_holder.h */,
				96D0F046228D2C6E00C98544 /* vulkan_semaphore.h */,
				96D0F047228D2C6E00C98544 /* vulkan_queue.h */,
				96D0F048228D2C6E00C98544 /* vulkan_command_pool.h */,
				96D0F049228D2C6E00C98544 /* shaderc_compiler.h */,
			);
			path = vulkan;
			sourceTree = "<group>";
		};
		96EED2222276F9C600FA0974 = {
			isa = PBXGroup;
			children = (
				96D0EFA6228D2C6E00C98544 /* fly */,
				96EED22C2276F9C600FA0974 /* Products */,
				96EED405227FDBC900FA0974 /* Frameworks */,
			);
			sourceTree = "<group>";
		};
		96EED22C2276F9C600FA0974 /* Products */ = {
			isa = PBXGroup;
			children = (
				96EED22B2276F9C600FA0974 /* libflygpgpu_lib.a */,
			);
			name = Products;
			sourceTree = "<group>";
		};
		96EED405227FDBC900FA0974 /* Frameworks */ = {
			isa = PBXGroup;
			children = (
				96574FDD228D58A9008CC2A7 /* OpenCL.framework */,
			);
			name = Frameworks;
			sourceTree = "<group>";
		};
/* End PBXGroup section */

/* Begin PBXHeadersBuildPhase section */
		96EED2272276F9C600FA0974 /* Headers */ = {
			isa = PBXHeadersBuildPhase;
			buildActionMask = 2147483647;
			files = (
				96D0F0C3228D2C6E00C98544 /* opencl_platform.h in Headers */,
				96D0F0DD228D2C6E00C98544 /* vulkan_semaphore.h in Headers */,
				96D0F0B9228D2C6E00C98544 /* cuda_kernel.h in Headers */,
				96D0F078228D2C6E00C98544 /* profiling_counter_type.h in Headers */,
				96D0F073228D2C6E00C98544 /* kernel_run_mode.h in Headers */,
				96D0F081228D2C6E00C98544 /* output_descriptor.h in Headers */,
				96D0F0DB228D2C6E00C98544 /* vulkan_command_buffer_holder.h in Headers */,
				96D0F0C0228D2C6E00C98544 /* opencl_context.h in Headers */,
				96D0F082228D2C6E00C98544 /* parameter_pair.h in Headers */,
				96D0F068228D2C6E00C98544 /* compute_api.h in Headers */,
				96D0F0B4228D2C6E00C98544 /* cuda_program.h in Headers */,
				96D0F09F228D2C6E00C98544 /* kernel_parameter_pack.h in Headers */,
				96D0F0E0228D2C6E00C98544 /* shaderc_compiler.h in Headers */,
				96D0F051228D2C6E00C98544 /* fly_types.h in Headers */,
				96D0F070228D2C6E00C98544 /* argument_data_type.h in Headers */,
				96D0F0C8228D2C6E00C98544 /* opencl_kernel.h in Headers */,
				96D0F06A228D2C6E00C98544 /* device_type.h in Headers */,
				96D0F0C4228D2C6E00C98544 /* opencl_command_queue.h in Headers */,
				96D0F06E228D2C6E00C98544 /* global_size_type.h in Headers */,
				96D0F0B3228D2C6E00C98544 /* cuda_utility.h in Headers */,
				96D0F0B6228D2C6E00C98544 /* cuda_device.h in Headers */,
				96D0F04F228D2C6E00C98544 /* kernel_result.h in Headers */,
				96D0F0CC228D2C6E00C98544 /* vulkan_fence.h in Headers */,
				96D0F0B5228D2C6E00C98544 /* cuda_stream.h in Headers */,
				96D0F0C9228D2C6E00C98544 /* opencl_utility.h in Headers */,
				96D0F06D228D2C6E00C98544 /* modifier_action.h in Headers */,
				96D0F0DA228D2C6E00C98544 /* vulkan_descriptor_pool.h in Headers */,
				96D0F076228D2C6E00C98544 /* time_unit.h in Headers */,
				96D0F0A2228D2C6E00C98544 /* kernel_configuration.h in Headers */,
				96D0F09E228D2C6E00C98544 /* kernel_manager.h in Headers */,
				96D0F0D2228D2C6E00C98544 /* vulkan_query_pool.h in Headers */,
				96D0F072228D2C6E00C98544 /* argument_access_type.h in Headers */,
				96D0F0D9228D2C6E00C98544 /* vulkan_buffer.h in Headers */,
				96D0F06B228D2C6E00C98544 /* dimension_vector_type.h in Headers */,
				96D0F079228D2C6E00C98544 /* argument_manager.h in Headers */,
				96D0F0A9228D2C6E00C98544 /* fly_utility.h in Headers */,
				96D0F0B7228D2C6E00C98544 /* cuda_engine.h in Headers */,
				960E4CEA22B775E6007CC8F7 /* tuner_core.h in Headers */,
				96D0F07F228D2C6E00C98544 /* half.h in Headers */,
				96574FF6228D726E008CC2A7 /* shaderrc_fly.hpp in Headers */,
				96D0F0E1228D2C6E00C98544 /* compute_engine.h in Headers */,
				96D0F050228D2C6E00C98544 /* local_memory_modifier.h in Headers */,
				96D0F0D4228D2C6E00C98544 /* vulkan_device.h in Headers */,
				96D0F04E228D2C6E00C98544 /* kernel_runtime_data.h in Headers */,
				96D0F097228D2C6E00C98544 /* device_info.h in Headers */,
				96D0F0BD228D2C6E00C98544 /* cuda_event.h in Headers */,
				960E4CE922B775E6007CC8F7 /* tuner_api.h in Headers */,
				96D0F0A0228D2C6E00C98544 /* kernel.h in Headers */,
				96D0F0D0228D2C6E00C98544 /* vulkan_event.h in Headers */,
				96D0F090228D2C6E00C98544 /* dimension_vector.h in Headers */,
				96D0F074228D2C6E00C98544 /* logging_level.h in Headers */,
				96D0F0D7228D2C6E00C98544 /* vulkan_descriptor_set_holder.h in Headers */,
				96D0F0A4228D2C6E00C98544 /* kernel_constraint.h in Headers */,
				96D0F0CB228D2C6E00C98544 /* vulkan_descriptor_set_layout.h in Headers */,
				96D0F0A5228D2C6E00C98544 /* kernel_parameter.h in Headers */,
				96D0F0CA228D2C6E00C98544 /* opencl_program.h in Headers */,
				96D0F0B8228D2C6E00C98544 /* cuda_context.h in Headers */,
				96D0F0C1228D2C6E00C98544 /* opencl_device.h in Headers */,
				96D0F07B228D2C6E00C98544 /* kernel_argument.h in Headers */,
				96D0F0D3228D2C6E00C98544 /* vulkan_pipeline_cache_entry.h in Headers */,
				96D0F0AF228D2C6E00C98544 /* logger.h in Headers */,
				96D0F065228D2C6E00C98544 /* modifier_dimension.h in Headers */,
				96D0F089228D2C6E00C98544 /* computation_result.h in Headers */,
				96D0F0CE228D2C6E00C98544 /* vulkan_engine.h in Headers */,
				96D0F0D5228D2C6E00C98544 /* vulkan_instance.h in Headers */,
				96D0F0AC228D2C6E00C98544 /* timer.h in Headers */,
				96D0F0DF228D2C6E00C98544 /* vulkan_command_pool.h in Headers */,
				96D0F0CD228D2C6E00C98544 /* vulkan_compute_pipeline.h in Headers */,
				96D0F0C5228D2C6E00C98544 /* opencl_event.h in Headers */,
				96D0F08A228D2C6E00C98544 /* platform_info.h in Headers */,
				96D0F0DC228D2C6E00C98544 /* vulkan_utility.h in Headers */,
				96D0F057228D2C6E00C98544 /* kernel_runner.h in Headers */,
				96D0F0DE228D2C6E00C98544 /* vulkan_queue.h in Headers */,
				96D0F071228D2C6E00C98544 /* validation_mode.h in Headers */,
				96D0F075228D2C6E00C98544 /* enum_bitfield.h in Headers */,
				96D0F0BE228D2C6E00C98544 /* cuda_buffer.h in Headers */,
				96D0F0C7228D2C6E00C98544 /* opencl_buffer.h in Headers */,
				96D0F0A6228D2C6E00C98544 /* fly_platform.h in Headers */,
				96D0F077228D2C6E00C98544 /* modifier_type.h in Headers */,
				96D0F066228D2C6E00C98544 /* argument_upload_type.h in Headers */,
				96D0F06F228D2C6E00C98544 /* argument_memory_location.h in Headers */,
				96D0F0BF228D2C6E00C98544 /* opencl_engine.h in Headers */,
				96D0F0D8228D2C6E00C98544 /* vulkan_physical_device.h in Headers */,
				96B2D9EA22B37C8D00D1C8E9 /* opencl_common.h in Headers */,
				96D0F0CF228D2C6E00C98544 /* vulkan_shader_module.h in Headers */,
			);
			runOnlyForDeploymentPostprocessing = 0;
		};
/* End PBXHeadersBuildPhase section */

/* Begin PBXNativeTarget section */
		96EED22A2276F9C600FA0974 /* flygpgpu_lib */ = {
			isa = PBXNativeTarget;
			buildConfigurationList = 96EED2362276F9C600FA0974 /* Build configuration list for PBXNativeTarget "flygpgpu_lib" */;
			buildPhases = (
				96EED2272276F9C600FA0974 /* Headers */,
				96EED2282276F9C600FA0974 /* Sources */,
				96EED2292276F9C600FA0974 /* Frameworks */,
			);
			buildRules = (
			);
			dependencies = (
			);
			name = flygpgpu_lib;
			productName = flygpgpu_lib;
			productReference = 96EED22B2276F9C600FA0974 /* libflygpgpu_lib.a */;
			productType = "com.apple.product-type.library.static";
		};
/* End PBXNativeTarget section */

/* Begin PBXProject section */
		96EED2232276F9C600FA0974 /* Project object */ = {
			isa = PBXProject;
			attributes = {
				LastUpgradeCheck = 1010;
				ORGANIZATIONNAME = detu;
				TargetAttributes = {
					96EED22A2276F9C600FA0974 = {
						CreatedOnToolsVersion = 10.1;
					};
				};
			};
			buildConfigurationList = 96EED2262276F9C600FA0974 /* Build configuration list for PBXProject "flygpgpu_lib" */;
			compatibilityVersion = "Xcode 9.3";
			developmentRegion = en;
			hasScannedForEncodings = 0;
			knownRegions = (
				en,
			);
			mainGroup = 96EED2222276F9C600FA0974;
			productRefGroup = 96EED22C2276F9C600FA0974 /* Products */;
			projectDirPath = "";
			projectRoot = "";
			targets = (
				96EED22A2276F9C600FA0974 /* flygpgpu_lib */,
			);
		};
/* End PBXProject section */

/* Begin PBXSourcesBuildPhase section */
		96EED2282276F9C600FA0974 /* Sources */ = {
			isa = PBXSourcesBuildPhase;
			buildActionMask = 2147483647;
			files = (
				96D0F04D228D2C6E00C98544 /* local_memory_modifier.cpp in Sources */,
				96D0F095228D2C6E00C98544 /* parameter_pair.cpp in Sources */,
				96D0F09C228D2C6E00C98544 /* kernel_parameter.cpp in Sources */,
				96D0F09A228D2C6E00C98544 /* kernel.cpp in Sources */,
				96D0F0AB228D2C6E00C98544 /* fly_utility.cpp in Sources */,
				96D0F091228D2C6E00C98544 /* output_descriptor.cpp in Sources */,
				96D0F098228D2C6E00C98544 /* kernel_constraint.cpp in Sources */,
				96D0F0C2228D2C6E00C98544 /* opencl_utility.cpp in Sources */,
				96D0F07C228D2C6E00C98544 /* kernel_argument.cpp in Sources */,
				96574FF5228D726E008CC2A7 /* shaderrc_fly.cpp in Sources */,
				96D0F060228D2C6E00C98544 /* kernel_runner.cpp in Sources */,
				96D0F080228D2C6E00C98544 /* computation_result.cpp in Sources */,
				96D0F0BA228D2C6E00C98544 /* cuda_engine.cpp in Sources */,
				96D0F0B2228D2C6E00C98544 /* cuda_utility.cpp in Sources */,
				96D0F0D6228D2C6E00C98544 /* vulkan_engine.cpp in Sources */,
				96D0F0D1228D2C6E00C98544 /* vulkan_utility.cpp in Sources */,
				96D0F08D228D2C6E00C98544 /* device_info.cpp in Sources */,
				96D0F08E228D2C6E00C98544 /* dimension_vector.cpp in Sources */,
				96D0F04B228D2C6E00C98544 /* kernel_result.cpp in Sources */,
				96D0F099228D2C6E00C98544 /* kernel_configuration.cpp in Sources */,
				960E4CEB22B775E6007CC8F7 /* tuner_api.cpp in Sources */,
				96D0F0AE228D2C6E00C98544 /* logger.cpp in Sources */,
				96D0F07A228D2C6E00C98544 /* argument_manager.cpp in Sources */,
				96D0F0AA228D2C6E00C98544 /* timer.cpp in Sources */,
				96D0F0C6228D2C6E00C98544 /* opencl_engine.cpp in Sources */,
				96D0F09B228D2C6E00C98544 /* kernel_parameter_pack.cpp in Sources */,
				96D0F0A1228D2C6E00C98544 /* kernel_manager.cpp in Sources */,
				960E4CEC22B775E6007CC8F7 /* tuner_core.cpp in Sources */,
				96D0F096228D2C6E00C98544 /* platform_info.cpp in Sources */,
				96D0F04C228D2C6E00C98544 /* kernel_runtime_data.cpp in Sources */,
			);
			runOnlyForDeploymentPostprocessing = 0;
		};
/* End PBXSourcesBuildPhase section */

/* Begin XCBuildConfiguration section */
		96EED2342276F9C600FA0974 /* Debug */ = {
			isa = XCBuildConfiguration;
			buildSettings = {
				ALWAYS_SEARCH_USER_PATHS = NO;
				CLANG_ANALYZER_NONNULL = YES;
				CLANG_ANALYZER_NUMBER_OBJECT_CONVERSION = YES_AGGRESSIVE;
				CLANG_CXX_LANGUAGE_STANDARD = "gnu++14";
				CLANG_CXX_LIBRARY = "libc++";
				CLANG_ENABLE_MODULES = YES;
				CLANG_ENABLE_OBJC_ARC = YES;
				CLANG_ENABLE_OBJC_WEAK = YES;
				CLANG_WARN_BLOCK_CAPTURE_AUTORELEASING = YES;
				CLANG_WARN_BOOL_CONVERSION = YES;
				CLANG_WARN_COMMA = YES;
				CLANG_WARN_CONSTANT_CONVERSION = YES;
				CLANG_WARN_DEPRECATED_OBJC_IMPLEMENTATIONS = YES;
				CLANG_WARN_DIRECT_OBJC_ISA_USAGE = YES_ERROR;
				CLANG_WARN_DOCUMENTATION_COMMENTS = YES;
				CLANG_WARN_EMPTY_BODY = YES;
				CLANG_WARN_ENUM_CONVERSION = YES;
				CLANG_WARN_INFINITE_RECURSION = YES;
				CLANG_WARN_INT_CONVERSION = YES;
				CLANG_WARN_NON_LITERAL_NULL_CONVERSION = YES;
				CLANG_WARN_OBJC_IMPLICIT_RETAIN_SELF = YES;
				CLANG_WARN_OBJC_LITERAL_CONVERSION = YES;
				CLANG_WARN_OBJC_ROOT_CLASS = YES_ERROR;
				CLANG_WARN_RANGE_LOOP_ANALYSIS = YES;
				CLANG_WARN_STRICT_PROTOTYPES = YES;
				CLANG_WARN_SUSPICIOUS_MOVE = YES;
				CLANG_WARN_UNGUARDED_AVAILABILITY = YES_AGGRESSIVE;
				CLANG_WARN_UNREACHABLE_CODE = YES;
				CLANG_WARN__DUPLICATE_METHOD_MATCH = YES;
				CODE_SIGN_IDENTITY = "-";
				COPY_PHASE_STRIP = NO;
				DEBUG_INFORMATION_FORMAT = dwarf;
				ENABLE_STRICT_OBJC_MSGSEND = YES;
				ENABLE_TESTABILITY = YES;
				GCC_C_LANGUAGE_STANDARD = gnu11;
				GCC_DYNAMIC_NO_PIC = NO;
				GCC_NO_COMMON_BLOCKS = YES;
				GCC_OPTIMIZATION_LEVEL = 0;
				GCC_PREPROCESSOR_DEFINITIONS = (
					"DEBUG=1",
					"$(inherited)",
				);
				GCC_WARN_64_TO_32_BIT_CONVERSION = YES;
				GCC_WARN_ABOUT_RETURN_TYPE = YES_ERROR;
				GCC_WARN_UNDECLARED_SELECTOR = YES;
				GCC_WARN_UNINITIALIZED_AUTOS = YES_AGGRESSIVE;
				GCC_WARN_UNUSED_FUNCTION = YES;
				GCC_WARN_UNUSED_VARIABLE = YES;
				MACOSX_DEPLOYMENT_TARGET = 10.14;
				MTL_ENABLE_DEBUG_INFO = INCLUDE_SOURCE;
				MTL_FAST_MATH = YES;
				ONLY_ACTIVE_ARCH = YES;
				SDKROOT = macosx;
			};
			name = Debug;
		};
		96EED2352276F9C600FA0974 /* Release */ = {
			isa = XCBuildConfiguration;
			buildSettings = {
				ALWAYS_SEARCH_USER_PATHS = NO;
				CLANG_ANALYZER_NONNULL = YES;
				CLANG_ANALYZER_NUMBER_OBJECT_CONVERSION = YES_AGGRESSIVE;
				CLANG_CXX_LANGUAGE_STANDARD = "gnu++14";
				CLANG_CXX_LIBRARY = "libc++";
				CLANG_ENABLE_MODULES = YES;
				CLANG_ENABLE_OBJC_ARC = YES;
				CLANG_ENABLE_OBJC_WEAK = YES;
				CLANG_WARN_BLOCK_CAPTURE_AUTORELEASING = YES;
				CLANG_WARN_BOOL_CONVERSION = YES;
				CLANG_WARN_COMMA = YES;
				CLANG_WARN_CONSTANT_CONVERSION = YES;
				CLANG_WARN_DEPRECATED_OBJC_IMPLEMENTATIONS = YES;
				CLANG_WARN_DIRECT_OBJC_ISA_USAGE = YES_ERROR;
				CLANG_WARN_DOCUMENTATION_COMMENTS = YES;
				CLANG_WARN_EMPTY_BODY = YES;
				CLANG_WARN_ENUM_CONVERSION = YES;
				CLANG_WARN_INFINITE_RECURSION = YES;
				CLANG_WARN_INT_CONVERSION = YES;
				CLANG_WARN_NON_LITERAL_NULL_CONVERSION = YES;
				CLANG_WARN_OBJC_IMPLICIT_RETAIN_SELF = YES;
				CLANG_WARN_OBJC_LITERAL_CONVERSION = YES;
				CLANG_WARN_OBJC_ROOT_CLASS = YES_ERROR;
				CLANG_WARN_RANGE_LOOP_ANALYSIS = YES;
				CLANG_WARN_STRICT_PROTOTYPES = YES;
				CLANG_WARN_SUSPICIOUS_MOVE = YES;
				CLANG_WARN_UNGUARDED_AVAILABILITY = YES_AGGRESSIVE;
				CLANG_WARN_UNREACHABLE_CODE = YES;
				CLANG_WARN__DUPLICATE_METHOD_MATCH = YES;
				CODE_SIGN_IDENTITY = "-";
				COPY_PHASE_STRIP = NO;
				DEBUG_INFORMATION_FORMAT = "dwarf-with-dsym";
				ENABLE_NS_ASSERTIONS = NO;
				ENABLE_STRICT_OBJC_MSGSEND = YES;
				GCC_C_LANGUAGE_STANDARD = gnu11;
				GCC_NO_COMMON_BLOCKS = YES;
				GCC_WARN_64_TO_32_BIT_CONVERSION = YES;
				GCC_WARN_ABOUT_RETURN_TYPE = YES_ERROR;
				GCC_WARN_UNDECLARED_SELECTOR = YES;
				GCC_WARN_UNINITIALIZED_AUTOS = YES_AGGRESSIVE;
				GCC_WARN_UNUSED_FUNCTION = YES;
				GCC_WARN_UNUSED_VARIABLE = YES;
				MACOSX_DEPLOYMENT_TARGET = 10.14;
				MTL_ENABLE_DEBUG_INFO = NO;
				MTL_FAST_MATH = YES;
				SDKROOT = macosx;
			};
			name = Release;
		};
		96EED2372276F9C600FA0974 /* Debug */ = {
			isa = XCBuildConfiguration;
			buildSettings = {
				CLANG_CXX_LANGUAGE_STANDARD = "c++0x";
				CLANG_CXX_LIBRARY = "libc++";
				CODE_SIGN_STYLE = Automatic;
				EXECUTABLE_PREFIX = lib;
				FRAMEWORK_SEARCH_PATHS = "";
				GCC_ENABLE_CPP_EXCEPTIONS = YES;
				GCC_ENABLE_CPP_RTTI = YES;
				GCC_PREPROCESSOR_DEFINITIONS = (
					FLY_PLATFORM_VULKAN,
					FLY_PLATFORM_OPENCL,
				);
				HEADER_SEARCH_PATHS = (
					../../,
					../../thirdpart/include/,
				);
				PRODUCT_NAME = "$(TARGET_NAME)";
				SKIP_INSTALL = YES;
			};
			name = Debug;
		};
		96EED2382276F9C600FA0974 /* Release */ = {
			isa = XCBuildConfiguration;
			buildSettings = {
				CLANG_CXX_LANGUAGE_STANDARD = "c++0x";
				CLANG_CXX_LIBRARY = "libc++";
				CODE_SIGN_STYLE = Automatic;
				EXECUTABLE_PREFIX = lib;
				FRAMEWORK_SEARCH_PATHS = "";
				GCC_ENABLE_CPP_EXCEPTIONS = YES;
				GCC_ENABLE_CPP_RTTI = YES;
				GCC_PREPROCESSOR_DEFINITIONS = (
					FLY_PLATFORM_VULKAN,
					FLY_PLATFORM_OPENCL,
				);
				HEADER_SEARCH_PATHS = (
					../../,
					../../thirdpart/include/,
				);
				PRODUCT_NAME = "$(TARGET_NAME)";
				SKIP_INSTALL = YES;
			};
			name = Release;
		};
/* End XCBuildConfiguration section */

/* Begin XCConfigurationList section */
		96EED2262276F9C600FA0974 /* Build configuration list for PBXProject "flygpgpu_lib" */ = {
			isa = XCConfigurationList;
			buildConfigurations = (
				96EED2342276F9C600FA0974 /* Debug */,
				96EED2352276F9C600FA0974 /* Release */,
			);
			defaultConfigurationIsVisible = 0;
			defaultConfigurationName = Release;
		};
		96EED2362276F9C600FA0974 /* Build configuration list for PBXNativeTarget "flygpgpu_lib" */ = {
			isa = XCConfigurationList;
			buildConfigurations = (
				96EED2372276F9C600FA0974 /* Debug */,
				96EED2382276F9C600FA0974 /* Release */,
			);
			defaultConfigurationIsVisible = 0;
			defaultConfigurationName = Release;
		};
/* End XCConfigurationList section */
	};
	rootObject = 96EED2232276F9C600FA0974 /* Project object */;
}
