
Microsoft Visual Studio Solution File, Format Version 12.00
# Visual Studio 2013
VisualStudioVersion = 12.0.21005.1
MinimumVisualStudioVersion = 10.0.40219.1
Project("{8BC9CEB8-8B4A-11D0-8D11-00A0C91BC942}") = "fly_gpgpu", "fly_gpgpu.vcxproj", "{06B17D22-7025-46A8-9CBA-1C7CB880DD18}"
EndProject
Project("{8BC9CEB8-8B4A-11D0-8D11-00A0C91BC942}") = "win_flygpgpu", "win_flygpgpu.vcxproj", "{D13E5FE9-5EE4-4213-BDCB-423425D69EC0}"
EndProject
Global
	GlobalSection(SolutionConfigurationPlatforms) = preSolution
		Debug|Win32 = Debug|Win32
		Debug|x64 = Debug|x64
		Release|Win32 = Release|Win32
		Release|x64 = Release|x64
	EndGlobalSection
	GlobalSection(ProjectConfigurationPlatforms) = postSolution
		{06B17D22-7025-46A8-9CBA-1C7CB880DD18}.Debug|Win32.ActiveCfg = Debug|Win32
		{06B17D22-7025-46A8-9CBA-1C7CB880DD18}.Debug|Win32.Build.0 = Debug|Win32
		{06B17D22-7025-46A8-9CBA-1C7CB880DD18}.Debug|x64.ActiveCfg = Debug|x64
		{06B17D22-7025-46A8-9CBA-1C7CB880DD18}.Debug|x64.Build.0 = Debug|x64
		{06B17D22-7025-46A8-9CBA-1C7CB880DD18}.Release|Win32.ActiveCfg = Release|Win32
		{06B17D22-7025-46A8-9CBA-1C7CB880DD18}.Release|Win32.Build.0 = Release|Win32
		{06B17D22-7025-46A8-9CBA-1C7CB880DD18}.Release|x64.ActiveCfg = Release|x64
		{06B17D22-7025-46A8-9CBA-1C7CB880DD18}.Release|x64.Build.0 = Release|x64
		{D13E5FE9-5EE4-4213-BDCB-423425D69EC0}.Debug|Win32.ActiveCfg = Debug|Win32
		{D13E5FE9-5EE4-4213-BDCB-423425D69EC0}.Debug|Win32.Build.0 = Debug|Win32
		{D13E5FE9-5EE4-4213-BDCB-423425D69EC0}.Debug|x64.ActiveCfg = Debug|x64
		{D13E5FE9-5EE4-4213-BDCB-423425D69EC0}.Debug|x64.Build.0 = Debug|x64
		{D13E5FE9-5EE4-4213-BDCB-423425D69EC0}.Release|Win32.ActiveCfg = Release|Win32
		{D13E5FE9-5EE4-4213-BDCB-423425D69EC0}.Release|Win32.Build.0 = Release|Win32
		{D13E5FE9-5EE4-4213-BDCB-423425D69EC0}.Release|x64.ActiveCfg = Release|x64
		{D13E5FE9-5EE4-4213-BDCB-423425D69EC0}.Release|x64.Build.0 = Release|x64
	EndGlobalSection
	GlobalSection(SolutionProperties) = preSolution
		HideSolutionNode = FALSE
	EndGlobalSection
EndGlobal
